
Microsoft Visual Studio Solution File, Format Version 12.00
# Visual Studio 15
Project("{FAE04EC0-301F-11D3-BF4B-00C04F79EFBC}") = "Assembly-CSharp", "Assembly-CSharp.csproj", "{2E543780-DB32-24DB-27A5-CF1AA6E3AECE}"
EndProject
Project("{FAE04EC0-301F-11D3-BF4B-00C04F79EFBC}") = "Assembly-CSharp-Editor", "Assembly-CSharp-Editor.csproj", "{D3115D0C-CC83-C109-7B48-CD3607408645}"
EndProject
Global
	GlobalSection(SolutionConfigurationPlatforms) = preSolution
		Debug|Any CPU = Debug|Any CPU
		Release|Any CPU = Release|Any CPU
	EndGlobalSection
	GlobalSection(ProjectConfigurationPlatforms) = postSolution
		{2E543780-DB32-24DB-27A5-CF1AA6E3AECE}.Debug|Any CPU.ActiveCfg = Debug|Any CPU
		{2E543780-DB32-24DB-27A5-CF1AA6E3AECE}.Debug|Any CPU.Build.0 = Debug|Any CPU
		{2E543780-DB32-24DB-27A5-CF1AA6E3AECE}.Release|Any CPU.ActiveCfg = Release|Any CPU
		{2E543780-DB32-24DB-27A5-CF1AA6E3AECE}.Release|Any CPU.Build.0 = Release|Any CPU
		{D3115D0C-CC83-C109-7B48-CD3607408645}.Debug|Any CPU.ActiveCfg = Debug|Any CPU
		{D3115D0C-CC83-C109-7B48-CD3607408645}.Debug|Any CPU.Build.0 = Debug|Any CPU
		{D3115D0C-CC83-C109-7B48-CD3607408645}.Release|Any CPU.ActiveCfg = Release|Any CPU
		{D3115D0C-CC83-C109-7B48-CD3607408645}.Release|Any CPU.Build.0 = Release|Any CPU
	EndGlobalSection
	GlobalSection(SolutionProperties) = preSolution
		HideSolutionNode = FALSE
	EndGlobalSection
EndGlobal
